Microsoft Visual Studio Solution File, Format Version 12.00
# Visual Studio Version 17
VisualStudioVersion = 17.0.31912.275
MinimumVisualStudioVersion = 10.0.40219.1
Project("{FAE04EC0-301F-11D3-BF4B-00C04F79EFBC}") = "ArturRios.Mediator", "ArturRios.Mediator.csproj", "{3F41EFD3-9AEE-4BD4-8B93-159B87DB47CE}"
EndProject
Project("{FAE04EC0-301F-11D3-BF4B-00C04F79EFBC}") = "ArturRios.Mediator.Tests", "..\tests\ArturRios.Mediator.Tests.csproj", "{4173AB20-6C35-4F6D-AA78-9D260DE01FD0}"
EndProject
Global
	GlobalSection(SolutionConfigurationPlatforms) = preSolution
		Debug|Any CPU = Debug|Any CPU
		Release|Any CPU = Release|Any CPU
	EndGlobalSection
	GlobalSection(ProjectConfigurationPlatforms) = postSolution
		{3F41EFD3-9AEE-4BD4-8B93-159B87DB47CE}.Debug|Any CPU.ActiveCfg = Debug|Any CPU
		{3F41EFD3-9AEE-4BD4-8B93-159B87DB47CE}.Debug|Any CPU.Build.0 = Debug|Any CPU
		{3F41EFD3-9AEE-4BD4-8B93-159B87DB47CE}.Release|Any CPU.ActiveCfg = Release|Any CPU
		{3F41EFD3-9AEE-4BD4-8B93-159B87DB47CE}.Release|Any CPU.Build.0 = Release|Any CPU
		{4173AB20-6C35-4F6D-AA78-9D260DE01FD0}.Debug|Any CPU.ActiveCfg = Debug|Any CPU
		{4173AB20-6C35-4F6D-AA78-9D260DE01FD0}.Debug|Any CPU.Build.0 = Debug|Any CPU
		{4173AB20-6C35-4F6D-AA78-9D260DE01FD0}.Release|Any CPU.ActiveCfg = Release|Any CPU
		{4173AB20-6C35-4F6D-AA78-9D260DE01FD0}.Release|Any CPU.Build.0 = Release|Any CPU
	EndGlobalSection
	GlobalSection(SolutionProperties) = preSolution
		HideSolutionNode = FALSE
	EndGlobalSection
EndGlobal
